
Microsoft Visual Studio Solution File, Format Version 12.00
# Visual Studio Version 17
VisualStudioVersion = 17.5.002.0
MinimumVisualStudioVersion = 10.0.40219.1
Project("{9A19103F-16F7-4668-BE54-9A1E7A4F7556}") = "Lotr-api", "Lotr-api.csproj", "{EF5E20DB-0A70-4F5B-88B3-98959343BFAD}"
EndProject
Global
	GlobalSection(SolutionConfigurationPlatforms) = preSolution
		Debug|Any CPU = Debug|Any CPU
		Release|Any CPU = Release|Any CPU
	EndGlobalSection
	GlobalSection(ProjectConfigurationPlatforms) = postSolution
		{EF5E20DB-0A70-4F5B-88B3-98959343BFAD}.Debug|Any CPU.ActiveCfg = Debug|Any CPU
		{EF5E20DB-0A70-4F5B-88B3-98959343BFAD}.Debug|Any CPU.Build.0 = Debug|Any CPU
		{EF5E20DB-0A70-4F5B-88B3-98959343BFAD}.Release|Any CPU.ActiveCfg = Release|Any CPU
		{EF5E20DB-0A70-4F5B-88B3-98959343BFAD}.Release|Any CPU.Build.0 = Release|Any CPU
	EndGlobalSection
	GlobalSection(SolutionProperties) = preSolution
		HideSolutionNode = FALSE
	EndGlobalSection
	GlobalSection(ExtensibilityGlobals) = postSolution
		SolutionGuid = {5C2D9A5E-4076-4E3F-9606-BD3F03D10362}
	EndGlobalSection
EndGlobal
